
Microsoft Visual Studio Solution File, Format Version 12.00
# Visual Studio Version 17
VisualStudioVersion = 17.5.002.0
MinimumVisualStudioVersion = 10.0.40219.1
Project("{9A19103F-16F7-4668-BE54-9A1E7A4F7556}") = "find-difference-of-two-arrays", "find-difference-of-two-arrays.csproj", "{5D914DF9-8B4D-4CE5-A65E-9CC382C94B22}"
EndProject
Global
	GlobalSection(SolutionConfigurationPlatforms) = preSolution
		Debug|Any CPU = Debug|Any CPU
		Release|Any CPU = Release|Any CPU
	EndGlobalSection
	GlobalSection(ProjectConfigurationPlatforms) = postSolution
		{5D914DF9-8B4D-4CE5-A65E-9CC382C94B22}.Debug|Any CPU.ActiveCfg = Debug|Any CPU
		{5D914DF9-8B4D-4CE5-A65E-9CC382C94B22}.Debug|Any CPU.Build.0 = Debug|Any CPU
		{5D914DF9-8B4D-4CE5-A65E-9CC382C94B22}.Release|Any CPU.ActiveCfg = Release|Any CPU
		{5D914DF9-8B4D-4CE5-A65E-9CC382C94B22}.Release|Any CPU.Build.0 = Release|Any CPU
	EndGlobalSection
	GlobalSection(SolutionProperties) = preSolution
		HideSolutionNode = FALSE
	EndGlobalSection
	GlobalSection(ExtensibilityGlobals) = postSolution
		SolutionGuid = {0EA0B590-1356-47CC-8FB9-5A146596DC76}
	EndGlobalSection
EndGlobal
